
Microsoft Visual Studio Solution File, Format Version 12.00
# Visual Studio Version 17
VisualStudioVersion = 17.6.33723.286
MinimumVisualStudioVersion = 10.0.40219.1
Project("{FAE04EC0-301F-11D3-BF4B-00C04F79EFBC}") = "TodoApi", "TodoApi.csproj", "{C112BB9E-A32A-48DC-8BD9-DD4364CB253A}"
EndProject
Global
	GlobalSection(SolutionConfigurationPlatforms) = preSolution
		Debug|Any CPU = Debug|Any CPU
		Release|Any CPU = Release|Any CPU
	EndGlobalSection
	GlobalSection(ProjectConfigurationPlatforms) = postSolution
		{C112BB9E-A32A-48DC-8BD9-DD4364CB253A}.Debug|Any CPU.ActiveCfg = Debug|Any CPU
		{C112BB9E-A32A-48DC-8BD9-DD4364CB253A}.Debug|Any CPU.Build.0 = Debug|Any CPU
		{C112BB9E-A32A-48DC-8BD9-DD4364CB253A}.Release|Any CPU.ActiveCfg = Release|Any CPU
		{C112BB9E-A32A-48DC-8BD9-DD4364CB253A}.Release|Any CPU.Build.0 = Release|Any CPU
	EndGlobalSection
	GlobalSection(SolutionProperties) = preSolution
		HideSolutionNode = FALSE
	EndGlobalSection
	GlobalSection(ExtensibilityGlobals) = postSolution
		SolutionGuid = {F468A396-3C53-4E9A-AFA0-CF30B0BE4500}
	EndGlobalSection
EndGlobal
